// !$*UTF8*$!
{
	archiveVersion = 1;
	classes = {
	};
	objectVersion = 46;
	objects = {

/* Begin PBXBuildFile section */
		F2217A2A16D87340001779BC /* ImageViewController.m in Sources */ = {isa = PBXBuildFile; fileRef = F2217A2916D87340001779BC /* ImageViewController.m */; };
		F2217A2D16D874ED001779BC /* FlickrPhotoTVC.m in Sources */ = {isa = PBXBuildFile; fileRef = F2217A2C16D874ED001779BC /* FlickrPhotoTVC.m */; };
		F2217A3016D8751E001779BC /* LatestFlickrPhotosTVC.m in Sources */ = {isa = PBXBuildFile; fileRef = F2217A2F16D8751E001779BC /* LatestFlickrPhotosTVC.m */; };
		F2217A3316D87EBB001779BC /* HawaiiImageViewController.m in Sources */ = {isa = PBXBuildFile; fileRef = F2217A3216D87EBB001779BC /* HawaiiImageViewController.m */; };
		F2217A3916D8D7FF001779BC /* SPoTPhotoListTVC.m in Sources */ = {isa = PBXBuildFile; fileRef = F2217A3816D8D7FF001779BC /* SPoTPhotoListTVC.m */; };
		F2217A3C16D8E182001779BC /* SPoTRecentListTVC.m in Sources */ = {isa = PBXBuildFile; fileRef = F2217A3B16D8E182001779BC /* SPoTRecentListTVC.m */; };
		F2217A3F16D8EF38001779BC /* GameResult.m in Sources */ = {isa = PBXBuildFile; fileRef = F2217A3E16D8EF38001779BC /* GameResult.m */; };
		F2217A4116D99C05001779BC /* iPadStoryboard.storyboard in Resources */ = {isa = PBXBuildFile; fileRef = F2217A4016D99C05001779BC /* iPadStoryboard.storyboard */; };
		F2217A4416D99E3B001779BC /* AttributedStringViewController.m in Sources */ = {isa = PBXBuildFile; fileRef = F2217A4316D99E3B001779BC /* AttributedStringViewController.m */; };
		F2619FF416D6E20A007295FB /* UIKit.framework in Frameworks */ = {isa = PBXBuildFile; fileRef = F2619FF316D6E20A007295FB /* UIKit.framework */; };
		F2619FF616D6E20A007295FB /* Foundation.framework in Frameworks */ = {isa = PBXBuildFile; fileRef = F2619FF516D6E20A007295FB /* Foundation.framework */; };
		F2619FF816D6E20A007295FB /* CoreGraphics.framework in Frameworks */ = {isa = PBXBuildFile; fileRef = F2619FF716D6E20A007295FB /* CoreGraphics.framework */; };
		F2619FFE16D6E20B007295FB /* InfoPlist.strings in Resources */ = {isa = PBXBuildFile; fileRef = F2619FFC16D6E20B007295FB /* InfoPlist.strings */; };
		F261A00016D6E20B007295FB /* main.m in Sources */ = {isa = PBXBuildFile; fileRef = F2619FFF16D6E20B007295FB /* main.m */; };
		F261A00416D6E20B007295FB /* FlickrAppDelegate.m in Sources */ = {isa = PBXBuildFile; fileRef = F261A00316D6E20B007295FB /* FlickrAppDelegate.m */; };
		F261A00616D6E20B007295FB /* Default.png in Resources */ = {isa = PBXBuildFile; fileRef = F261A00516D6E20B007295FB /* Default.png */; };
		F261A00816D6E20B007295FB /* Default@2x.png in Resources */ = {isa = PBXBuildFile; fileRef = F261A00716D6E20B007295FB /* Default@2x.png */; };
		F261A00A16D6E20B007295FB /* Default-568h@2x.png in Resources */ = {isa = PBXBuildFile; fileRef = F261A00916D6E20B007295FB /* Default-568h@2x.png */; };
		F261A00D16D6E20B007295FB /* MainStoryboard.storyboard in Resources */ = {isa = PBXBuildFile; fileRef = F261A00B16D6E20B007295FB /* MainStoryboard.storyboard */; };
		F261A01016D6E20B007295FB /* FlickrViewController.m in Sources */ = {isa = PBXBuildFile; fileRef = F261A00F16D6E20B007295FB /* FlickrViewController.m */; };
		F261A01A16D6E29B007295FB /* FlickrFetcher.m in Sources */ = {isa = PBXBuildFile; fileRef = F261A01916D6E29B007295FB /* FlickrFetcher.m */; };
/* End PBXBuildFile section */

/* Begin PBXFileReference section */
		F2217A2816D87340001779BC /* ImageViewController.h */ = {isa = PBXFileReference; fileEncoding = 4; lastKnownFileType = sourcecode.c.h; path = ImageViewController.h; sourceTree = "<group>"; };
		F2217A2916D87340001779BC /* ImageViewController.m */ = {isa = PBXFileReference; fileEncoding = 4; lastKnownFileType = sourcecode.c.objc; path = ImageViewController.m; sourceTree = "<group>"; };
		F2217A2B16D874ED001779BC /* FlickrPhotoTVC.h */ = {isa = PBXFileReference; fileEncoding = 4; lastKnownFileType = sourcecode.c.h; path = FlickrPhotoTVC.h; sourceTree = "<group>"; };
		F2217A2C16D874ED001779BC /* FlickrPhotoTVC.m */ = {isa = PBXFileReference; fileEncoding = 4; lastKnownFileType = sourcecode.c.objc; path = FlickrPhotoTVC.m; sourceTree = "<group>"; };
		F2217A2E16D8751E001779BC /* LatestFlickrPhotosTVC.h */ = {isa = PBXFileReference; fileEncoding = 4; lastKnownFileType = sourcecode.c.h; path = LatestFlickrPhotosTVC.h; sourceTree = "<group>"; };
		F2217A2F16D8751E001779BC /* LatestFlickrPhotosTVC.m */ = {isa = PBXFileReference; fileEncoding = 4; lastKnownFileType = sourcecode.c.objc; path = LatestFlickrPhotosTVC.m; sourceTree = "<group>"; };
		F2217A3116D87EBB001779BC /* HawaiiImageViewController.h */ = {isa = PBXFileReference; fileEncoding = 4; lastKnownFileType = sourcecode.c.h; path = HawaiiImageViewController.h; sourceTree = "<group>"; };
		F2217A3216D87EBB001779BC /* HawaiiImageViewController.m */ = {isa = PBXFileReference; fileEncoding = 4; lastKnownFileType = sourcecode.c.objc; path = HawaiiImageViewController.m; sourceTree = "<group>"; };
		F2217A3716D8D7FF001779BC /* SPoTPhotoListTVC.h */ = {isa = PBXFileReference; fileEncoding = 4; lastKnownFileType = sourcecode.c.h; path = SPoTPhotoListTVC.h; sourceTree = "<group>"; };
		F2217A3816D8D7FF001779BC /* SPoTPhotoListTVC.m */ = {isa = PBXFileReference; fileEncoding = 4; lastKnownFileType = sourcecode.c.objc; path = SPoTPhotoListTVC.m; sourceTree = "<group>"; };
		F2217A3A16D8E182001779BC /* SPoTRecentListTVC.h */ = {isa = PBXFileReference; fileEncoding = 4; lastKnownFileType = sourcecode.c.h; path = SPoTRecentListTVC.h; sourceTree = "<group>"; };
		F2217A3B16D8E182001779BC /* SPoTRecentListTVC.m */ = {isa = PBXFileReference; fileEncoding = 4; lastKnownFileType = sourcecode.c.objc; path = SPoTRecentListTVC.m; sourceTree = "<group>"; };
		F2217A3D16D8EF38001779BC /* GameResult.h */ = {isa = PBXFileReference; fileEncoding = 4; lastKnownFileType = sourcecode.c.h; path = GameResult.h; sourceTree = "<group>"; };
		F2217A3E16D8EF38001779BC /* GameResult.m */ = {isa = PBXFileReference; fileEncoding = 4; lastKnownFileType = sourcecode.c.objc; path = GameResult.m; sourceTree = "<group>"; };
		F2217A4016D99C05001779BC /* iPadStoryboard.storyboard */ = {isa = PBXFileReference; fileEncoding = 4; lastKnownFileType = file.storyboard; path = iPadStoryboard.storyboard; sourceTree = "<group>"; };
		F2217A4216D99E3A001779BC /* AttributedStringViewController.h */ = {isa = PBXFileReference; fileEncoding = 4; lastKnownFileType = sourcecode.c.h; path = AttributedStringViewController.h; sourceTree = "<group>"; };
		F2217A4316D99E3B001779BC /* AttributedStringViewController.m */ = {isa = PBXFileReference; fileEncoding = 4; lastKnownFileType = sourcecode.c.objc; path = AttributedStringViewController.m; sourceTree = "<group>"; };
		F2619FF016D6E20A007295FB /* SPoT.app */ = {isa = PBXFileReference; explicitFileType = wrapper.application; includeInIndex = 0; path = SPoT.app; sourceTree = BUILT_PRODUCTS_DIR; };
		F2619FF316D6E20A007295FB /* UIKit.framework */ = {isa = PBXFileReference; lastKnownFileType = wrapper.framework; name = UIKit.framework; path = System/Library/Frameworks/UIKit.framework; sourceTree = SDKROOT; };
		F2619FF516D6E20A007295FB /* Foundation.framework */ = {isa = PBXFileReference; lastKnownFileType = wrapper.framework; name = Foundation.framework; path = System/Library/Frameworks/Foundation.framework; sourceTree = SDKROOT; };
		F2619FF716D6E20A007295FB /* CoreGraphics.framework */ = {isa = PBXFileReference; lastKnownFileType = wrapper.framework; name = CoreGraphics.framework; path = System/Library/Frameworks/CoreGraphics.framework; sourceTree = SDKROOT; };
		F2619FFB16D6E20A007295FB /* SPoT-Info.plist */ = {isa = PBXFileReference; lastKnownFileType = text.plist.xml; path = "SPoT-Info.plist"; sourceTree = "<group>"; };
		F2619FFD16D6E20B007295FB /* en */ = {isa = PBXFileReference; lastKnownFileType = text.plist.strings; name = en; path = en.lproj/InfoPlist.strings; sourceTree = "<group>"; };
		F2619FFF16D6E20B007295FB /* main.m */ = {isa = PBXFileReference; lastKnownFileType = sourcecode.c.objc; path = main.m; sourceTree = "<group>"; };
		F261A00116D6E20B007295FB /* SPoT-Prefix.pch */ = {isa = PBXFileReference; lastKnownFileType = sourcecode.c.h; path = "SPoT-Prefix.pch"; sourceTree = "<group>"; };
		F261A00216D6E20B007295FB /* FlickrAppDelegate.h */ = {isa = PBXFileReference; lastKnownFileType = sourcecode.c.h; path = FlickrAppDelegate.h; sourceTree = "<group>"; };
		F261A00316D6E20B007295FB /* FlickrAppDelegate.m */ = {isa = PBXFileReference; lastKnownFileType = sourcecode.c.objc; path = FlickrAppDelegate.m; sourceTree = "<group>"; };
		F261A00516D6E20B007295FB /* Default.png */ = {isa = PBXFileReference; lastKnownFileType = image.png; path = Default.png; sourceTree = "<group>"; };
		F261A00716D6E20B007295FB /* Default@2x.png */ = {isa = PBXFileReference; lastKnownFileType = image.png; path = "Default@2x.png"; sourceTree = "<group>"; };
		F261A00916D6E20B007295FB /* Default-568h@2x.png */ = {isa = PBXFileReference; lastKnownFileType = image.png; path = "Default-568h@2x.png"; sourceTree = "<group>"; };
		F261A00C16D6E20B007295FB /* en */ = {isa = PBXFileReference; lastKnownFileType = file.storyboard; name = en; path = en.lproj/MainStoryboard.storyboard; sourceTree = "<group>"; };
		F261A00E16D6E20B007295FB /* FlickrViewController.h */ = {isa = PBXFileReference; lastKnownFileType = sourcecode.c.h; path = FlickrViewController.h; sourceTree = "<group>"; };
		F261A00F16D6E20B007295FB /* FlickrViewController.m */ = {isa = PBXFileReference; lastKnownFileType = sourcecode.c.objc; path = FlickrViewController.m; sourceTree = "<group>"; };
		F261A01716D6E29B007295FB /* FlickrAPIKey.h */ = {isa = PBXFileReference; fileEncoding = 4; lastKnownFileType = sourcecode.c.h; path = FlickrAPIKey.h; sourceTree = "<group>"; };
		F261A01816D6E29B007295FB /* FlickrFetcher.h */ = {isa = PBXFileReference; fileEncoding = 4; lastKnownFileType = sourcecode.c.h; path = FlickrFetcher.h; sourceTree = "<group>"; };
		F261A01916D6E29B007295FB /* FlickrFetcher.m */ = {isa = PBXFileReference; fileEncoding = 4; lastKnownFileType = sourcecode.c.objc; path = FlickrFetcher.m; sourceTree = "<group>"; };
/* End PBXFileReference section */

/* Begin PBXFrameworksBuildPhase section */
		F2619FED16D6E20A007295FB /* Frameworks */ = {
			isa = PBXFrameworksBuildPhase;
			buildActionMask = 2147483647;
			files = (
				F2619FF416D6E20A007295FB /* UIKit.framework in Frameworks */,
				F2619FF616D6E20A007295FB /* Foundation.framework in Frameworks */,
				F2619FF816D6E20A007295FB /* CoreGraphics.framework in Frameworks */,
			);
			runOnlyForDeploymentPostprocessing = 0;
		};
/* End PBXFrameworksBuildPhase section */

/* Begin PBXGroup section */
		F2619FE716D6E20A007295FB = {
			isa = PBXGroup;
			children = (
				F2619FF916D6E20A007295FB /* SPoT */,
				F2619FF216D6E20A007295FB /* Frameworks */,
				F2619FF116D6E20A007295FB /* Products */,
			);
			sourceTree = "<group>";
		};
		F2619FF116D6E20A007295FB /* Products */ = {
			isa = PBXGroup;
			children = (
				F2619FF016D6E20A007295FB /* SPoT.app */,
			);
			name = Products;
			sourceTree = "<group>";
		};
		F2619FF216D6E20A007295FB /* Frameworks */ = {
			isa = PBXGroup;
			children = (
				F2619FF316D6E20A007295FB /* UIKit.framework */,
				F2619FF516D6E20A007295FB /* Foundation.framework */,
				F2619FF716D6E20A007295FB /* CoreGraphics.framework */,
			);
			name = Frameworks;
			sourceTree = "<group>";
		};
		F2619FF916D6E20A007295FB /* SPoT */ = {
			isa = PBXGroup;
			children = (
				F2217A2816D87340001779BC /* ImageViewController.h */,
				F2217A2916D87340001779BC /* ImageViewController.m */,
				F2217A2B16D874ED001779BC /* FlickrPhotoTVC.h */,
				F2217A2C16D874ED001779BC /* FlickrPhotoTVC.m */,
				F2217A2E16D8751E001779BC /* LatestFlickrPhotosTVC.h */,
				F2217A4016D99C05001779BC /* iPadStoryboard.storyboard */,
				F2217A2F16D8751E001779BC /* LatestFlickrPhotosTVC.m */,
				F261A00216D6E20B007295FB /* FlickrAppDelegate.h */,
				F2217A3116D87EBB001779BC /* HawaiiImageViewController.h */,
				F2217A3216D87EBB001779BC /* HawaiiImageViewController.m */,
				F2217A4216D99E3A001779BC /* AttributedStringViewController.h */,
				F2217A4316D99E3B001779BC /* AttributedStringViewController.m */,
				F261A00316D6E20B007295FB /* FlickrAppDelegate.m */,
				F261A00B16D6E20B007295FB /* MainStoryboard.storyboard */,
				F2217A3D16D8EF38001779BC /* GameResult.h */,
				F2217A3E16D8EF38001779BC /* GameResult.m */,
				F2217A3A16D8E182001779BC /* SPoTRecentListTVC.h */,
				F2217A3B16D8E182001779BC /* SPoTRecentListTVC.m */,
				F2217A3716D8D7FF001779BC /* SPoTPhotoListTVC.h */,
				F2217A3816D8D7FF001779BC /* SPoTPhotoListTVC.m */,
				F261A00E16D6E20B007295FB /* FlickrViewController.h */,
				F261A01616D6E29B007295FB /* FlickrFetcher */,
				F261A00F16D6E20B007295FB /* FlickrViewController.m */,
				F2619FFA16D6E20A007295FB /* Supporting Files */,
			);
			path = SPoT;
			sourceTree = "<group>";
		};
		F2619FFA16D6E20A007295FB /* Supporting Files */ = {
			isa = PBXGroup;
			children = (
				F2619FFB16D6E20A007295FB /* SPoT-Info.plist */,
				F2619FFC16D6E20B007295FB /* InfoPlist.strings */,
				F2619FFF16D6E20B007295FB /* main.m */,
				F261A00116D6E20B007295FB /* SPoT-Prefix.pch */,
				F261A00516D6E20B007295FB /* Default.png */,
				F261A00716D6E20B007295FB /* Default@2x.png */,
				F261A00916D6E20B007295FB /* Default-568h@2x.png */,
			);
			name = "Supporting Files";
			sourceTree = "<group>";
		};
		F261A01616D6E29B007295FB /* FlickrFetcher */ = {
			isa = PBXGroup;
			children = (
				F261A01716D6E29B007295FB /* FlickrAPIKey.h */,
				F261A01816D6E29B007295FB /* FlickrFetcher.h */,
				F261A01916D6E29B007295FB /* FlickrFetcher.m */,
			);
			path = FlickrFetcher;
			sourceTree = "<group>";
		};
/* End PBXGroup section */

/* Begin PBXNativeTarget section */
		F2619FEF16D6E20A007295FB /* SPoT */ = {
			isa = PBXNativeTarget;
			buildConfigurationList = F261A01316D6E20B007295FB /* Build configuration list for PBXNativeTarget "SPoT" */;
			buildPhases = (
				F2619FEC16D6E20A007295FB /* Sources */,
				F2619FED16D6E20A007295FB /* Frameworks */,
				F2619FEE16D6E20A007295FB /* Resources */,
			);
			buildRules = (
			);
			dependencies = (
			);
			name = SPoT;
			productName = SPoT;
			productReference = F2619FF016D6E20A007295FB /* SPoT.app */;
			productType = "com.apple.product-type.application";
		};
/* End PBXNativeTarget section */

/* Begin PBXProject section */
		F2619FE816D6E20A007295FB /* Project object */ = {
			isa = PBXProject;
			attributes = {
				CLASSPREFIX = Flickr;
				LastUpgradeCheck = 0460;
				ORGANIZATIONNAME = CS193p;
			};
			buildConfigurationList = F2619FEB16D6E20A007295FB /* Build configuration list for PBXProject "SPoT" */;
			compatibilityVersion = "Xcode 3.2";
			developmentRegion = English;
			hasScannedForEncodings = 0;
			knownRegions = (
				en,
			);
			mainGroup = F2619FE716D6E20A007295FB;
			productRefGroup = F2619FF116D6E20A007295FB /* Products */;
			projectDirPath = "";
			projectRoot = "";
			targets = (
				F2619FEF16D6E20A007295FB /* SPoT */,
			);
		};
/* End PBXProject section */

/* Begin PBXResourcesBuildPhase section */
		F2619FEE16D6E20A007295FB /* Resources */ = {
			isa = PBXResourcesBuildPhase;
			buildActionMask = 2147483647;
			files = (
				F2619FFE16D6E20B007295FB /* InfoPlist.strings in Resources */,
				F261A00616D6E20B007295FB /* Default.png in Resources */,
				F261A00816D6E20B007295FB /* Default@2x.png in Resources */,
				F261A00A16D6E20B007295FB /* Default-568h@2x.png in Resources */,
				F261A00D16D6E20B007295FB /* MainStoryboard.storyboard in Resources */,
				F2217A4116D99C05001779BC /* iPadStoryboard.storyboard in Resources */,
			);
			runOnlyForDeploymentPostprocessing = 0;
		};
/* End PBXResourcesBuildPhase section */

/* Begin PBXSourcesBuildPhase section */
		F2619FEC16D6E20A007295FB /* Sources */ = {
			isa = PBXSourcesBuildPhase;
			buildActionMask = 2147483647;
			files = (
				F261A00016D6E20B007295FB /* main.m in Sources */,
				F261A00416D6E20B007295FB /* FlickrAppDelegate.m in Sources */,
				F261A01016D6E20B007295FB /* FlickrViewController.m in Sources */,
				F261A01A16D6E29B007295FB /* FlickrFetcher.m in Sources */,
				F2217A2A16D87340001779BC /* ImageViewController.m in Sources */,
				F2217A2D16D874ED001779BC /* FlickrPhotoTVC.m in Sources */,
				F2217A3016D8751E001779BC /* LatestFlickrPhotosTVC.m in Sources */,
				F2217A3316D87EBB001779BC /* HawaiiImageViewController.m in Sources */,
				F2217A3916D8D7FF001779BC /* SPoTPhotoListTVC.m in Sources */,
				F2217A3C16D8E182001779BC /* SPoTRecentListTVC.m in Sources */,
				F2217A3F16D8EF38001779BC /* GameResult.m in Sources */,
				F2217A4416D99E3B001779BC /* AttributedStringViewController.m in Sources */,
			);
			runOnlyForDeploymentPostprocessing = 0;
		};
/* End PBXSourcesBuildPhase section */

/* Begin PBXVariantGroup section */
		F2619FFC16D6E20B007295FB /* InfoPlist.strings */ = {
			isa = PBXVariantGroup;
			children = (
				F2619FFD16D6E20B007295FB /* en */,
			);
			name = InfoPlist.strings;
			sourceTree = "<group>";
		};
		F261A00B16D6E20B007295FB /* MainStoryboard.storyboard */ = {
			isa = PBXVariantGroup;
			children = (
				F261A00C16D6E20B007295FB /* en */,
			);
			name = MainStoryboard.storyboard;
			sourceTree = "<group>";
		};
/* End PBXVariantGroup section */

/* Begin XCBuildConfiguration section */
		F261A01116D6E20B007295FB /* Debug */ = {
			isa = XCBuildConfiguration;
			buildSettings = {
				ALWAYS_SEARCH_USER_PATHS = NO;
				CLANG_CXX_LANGUAGE_STANDARD = "gnu++0x";
				CLANG_CXX_LIBRARY = "libc++";
				CLANG_ENABLE_OBJC_ARC = YES;
				CLANG_WARN_CONSTANT_CONVERSION = YES;
				CLANG_WARN_EMPTY_BODY = YES;
				CLANG_WARN_ENUM_CONVERSION = YES;
				CLANG_WARN_INT_CONVERSION = YES;
				CLANG_WARN__DUPLICATE_METHOD_MATCH = YES;
				"CODE_SIGN_IDENTITY[sdk=iphoneos*]" = "iPhone Developer";
				COPY_PHASE_STRIP = NO;
				GCC_C_LANGUAGE_STANDARD = gnu99;
				GCC_DYNAMIC_NO_PIC = NO;
				GCC_OPTIMIZATION_LEVEL = 0;
				GCC_PREPROCESSOR_DEFINITIONS = (
					"DEBUG=1",
					"$(inherited)",
				);
				GCC_SYMBOLS_PRIVATE_EXTERN = NO;
				GCC_WARN_ABOUT_RETURN_TYPE = YES;
				GCC_WARN_UNINITIALIZED_AUTOS = YES;
				GCC_WARN_UNUSED_VARIABLE = YES;
				IPHONEOS_DEPLOYMENT_TARGET = 6.1;
				ONLY_ACTIVE_ARCH = YES;
				SDKROOT = iphoneos;
			};
			name = Debug;
		};
		F261A01216D6E20B007295FB /* Release */ = {
			isa = XCBuildConfiguration;
			buildSettings = {
				ALWAYS_SEARCH_USER_PATHS = NO;
				CLANG_CXX_LANGUAGE_STANDARD = "gnu++0x";
				CLANG_CXX_LIBRARY = "libc++";
				CLANG_ENABLE_OBJC_ARC = YES;
				CLANG_WARN_CONSTANT_CONVERSION = YES;
				CLANG_WARN_EMPTY_BODY = YES;
				CLANG_WARN_ENUM_CONVERSION = YES;
				CLANG_WARN_INT_CONVERSION = YES;
				CLANG_WARN__DUPLICATE_METHOD_MATCH = YES;
				"CODE_SIGN_IDENTITY[sdk=iphoneos*]" = "iPhone Developer";
				COPY_PHASE_STRIP = YES;
				GCC_C_LANGUAGE_STANDARD = gnu99;
				GCC_WARN_ABOUT_RETURN_TYPE = YES;
				GCC_WARN_UNINITIALIZED_AUTOS = YES;
				GCC_WARN_UNUSED_VARIABLE = YES;
				IPHONEOS_DEPLOYMENT_TARGET = 6.1;
				OTHER_CFLAGS = "-DNS_BLOCK_ASSERTIONS=1";
				SDKROOT = iphoneos;
				VALIDATE_PRODUCT = YES;
			};
			name = Release;
		};
		F261A01416D6E20B007295FB /* Debug */ = {
			isa = XCBuildConfiguration;
			buildSettings = {
				GCC_PRECOMPILE_PREFIX_HEADER = YES;
				GCC_PREFIX_HEADER = "SPoT/SPoT-Prefix.pch";
				INFOPLIST_FILE = "SPoT/SPoT-Info.plist";
				IPHONEOS_DEPLOYMENT_TARGET = 6.1;
				PRODUCT_NAME = "$(TARGET_NAME)";
				TARGETED_DEVICE_FAMILY = "1,2";
				WRAPPER_EXTENSION = app;
			};
			name = Debug;
		};
		F261A01516D6E20B007295FB /* Release */ = {
			isa = XCBuildConfiguration;
			buildSettings = {
				GCC_PRECOMPILE_PREFIX_HEADER = YES;
				GCC_PREFIX_HEADER = "SPoT/SPoT-Prefix.pch";
				INFOPLIST_FILE = "SPoT/SPoT-Info.plist";
				IPHONEOS_DEPLOYMENT_TARGET = 6.1;
				PRODUCT_NAME = "$(TARGET_NAME)";
				TARGETED_DEVICE_FAMILY = "1,2";
				WRAPPER_EXTENSION = app;
			};
			name = Release;
		};
/* End XCBuildConfiguration section */

/* Begin XCConfigurationList section */
		F2619FEB16D6E20A007295FB /* Build configuration list for PBXProject "SPoT" */ = {
			isa = XCConfigurationList;
			buildConfigurations = (
				F261A01116D6E20B007295FB /* Debug */,
				F261A01216D6E20B007295FB /* Release */,
			);
			defaultConfigurationIsVisible = 0;
			defaultConfigurationName = Release;
		};
		F261A01316D6E20B007295FB /* Build configuration list for PBXNativeTarget "SPoT" */ = {
			isa = XCConfigurationList;
			buildConfigurations = (
				F261A01416D6E20B007295FB /* Debug */,
				F261A01516D6E20B007295FB /* Release */,
			);
			defaultConfigurationIsVisible = 0;
			defaultConfigurationName = Release;
		};
/* End XCConfigurationList section */
	};
	rootObject = F2619FE816D6E20A007295FB /* Project object */;
}
